
Microsoft Visual Studio Solution File, Format Version 12.00
# Visual Studio Version 17
VisualStudioVersion = 17.1.32328.378
MinimumVisualStudioVersion = 10.0.40219.1
Project("{FAE04EC0-301F-11D3-BF4B-00C04F79EFBC}") = "Notes", "Notes\Notes.csproj", "{4F4FB6F3-7AF6-4F75-83AE-4AAC831B570A}"
EndProject
Global
	GlobalSection(SolutionConfigurationPlatforms) = preSolution
		Debug|Any CPU = Debug|Any CPU
		Release|Any CPU = Release|Any CPU
	EndGlobalSection
	GlobalSection(ProjectConfigurationPlatforms) = postSolution
		{4F4FB6F3-7AF6-4F75-83AE-4AAC831B570A}.Debug|Any CPU.ActiveCfg = Debug|Any CPU
		{4F4FB6F3-7AF6-4F75-83AE-4AAC831B570A}.Debug|Any CPU.Build.0 = Debug|Any CPU
		{4F4FB6F3-7AF6-4F75-83AE-4AAC831B570A}.Release|Any CPU.ActiveCfg = Release|Any CPU
		{4F4FB6F3-7AF6-4F75-83AE-4AAC831B570A}.Release|Any CPU.Build.0 = Release|Any CPU
	EndGlobalSection
	GlobalSection(SolutionProperties) = preSolution
		HideSolutionNode = FALSE
	EndGlobalSection
	GlobalSection(ExtensibilityGlobals) = postSolution
		SolutionGuid = {E647F400-1051-4441-B5C7-403705FCB522}
	EndGlobalSection
EndGlobal
